{
  "version": "5",
  "remote": {
    "https://edge.netlify.com/": "fd941d61d88673d5f28aab283fb86fcc50f08a3bc80ee5470498fcfa88c65cfb",
    "https://edge.netlify.com/bootstrap/config.ts": "6a2ce0e544e15e8f8883a5c18da5948e37fd0f2619f68cb31f3af53c51817025",
    "https://edge.netlify.com/bootstrap/context.ts": "72496497b40d9e808f419efc764ecb438952a32f61ed94cd54952fc59f17f69d",
    "https://edge.netlify.com/bootstrap/cookie.ts": "8b0baae708989ca183c6f3b4ab3d029e6abcbc2e43f93edeb0ff447b3bbc3a05",
    "https://edge.netlify.com/bootstrap/edge_function.ts": "b8253e86aa83c67341f5cfedeba5049d77fbf84dcab7eceff7566b7728ae9b39",
    "https://edge.netlify.com/bootstrap/globals/types.ts": "eaa6148ded3121d8dee62dd91c86e7fe76601df0f3ca8d7962243a30f4c8935f"
  },
  "workspace": {
    "packageJson": {
      "dependencies": [
        "npm:@heroicons/react@^2.2.0",
        "npm:@heroui/react@^2.8.5",
        "npm:@internationalized/date@^3.10.0",
        "npm:@netlify/plugin-nextjs@^5.11.2",
        "npm:@react-types/datepicker@^3.13.2",
        "npm:@supabase/supabase-js@^2.39.0",
        "npm:@tanstack/react-query@^5.17.0",
        "npm:@testing-library/jest-dom@^6.9.1",
        "npm:@testing-library/react@^16.3.0",
        "npm:@testing-library/user-event@^14.5.2",
        "npm:@tiptap/extension-link@^3.10.1",
        "npm:@tiptap/react@^2.1.0",
        "npm:@tiptap/starter-kit@^2.1.0",
        "npm:@types/node@^24.10.0",
        "npm:@types/react-dom@^18.2.19",
        "npm:@types/react@^18.2.57",
        "npm:@typescript-eslint/eslint-plugin@^5.62.0",
        "npm:@typescript-eslint/parser@^5.62.0",
        "npm:@vitest/ui@^2.1.9",
        "npm:autoprefixer@^10.4.17",
        "npm:date-fns@^4.1.0",
        "npm:dotenv@^17.2.3",
        "npm:eslint-config-next@14.1.0",
        "npm:eslint@^9.39.1",
        "npm:framer-motion@^12.16.0",
        "npm:jsdom@^25.0.1",
        "npm:next-intl@3",
        "npm:next-seo@^6.4.0",
        "npm:next@14.1.0",
        "npm:postcss@^8.4.35",
        "npm:prettier@^3.4.2",
        "npm:react-color@^2.19.3",
        "npm:react-day-picker@^9.11.1",
        "npm:react-dom@^18.2.0",
        "npm:react@^18.2.0",
        "npm:recharts@^2.10.0",
        "npm:sharp@~0.34.4",
        "npm:sonner@^2.0.7",
        "npm:tailwindcss@^3.4.0",
        "npm:tsx@^4.7.0",
        "npm:typescript@^5.8.3",
        "npm:vitest@^2.1.9",
        "npm:zod@^4.1.12",
        "npm:zustand@^4.5.1"
      ]
    }
  }
}
